
Microsoft Visual Studio Solution File, Format Version 12.00
# Visual Studio Version 16
VisualStudioVersion = 16.0.30225.117
MinimumVisualStudioVersion = 10.0.40219.1
Project("{9A19103F-16F7-4668-BE54-9A1E7A4F7556}") = "BookListRazor", "BookListRazor\BookListRazor.csproj", "{5CE1E128-A518-4FA5-8E2C-79B5752ADCAD}"
EndProject
Global
	GlobalSection(SolutionConfigurationPlatforms) = preSolution
		Debug|Any CPU = Debug|Any CPU
		Release|Any CPU = Release|Any CPU
	EndGlobalSection
	GlobalSection(ProjectConfigurationPlatforms) = postSolution
		{5CE1E128-A518-4FA5-8E2C-79B5752ADCAD}.Debug|Any CPU.ActiveCfg = Debug|Any CPU
		{5CE1E128-A518-4FA5-8E2C-79B5752ADCAD}.Debug|Any CPU.Build.0 = Debug|Any CPU
		{5CE1E128-A518-4FA5-8E2C-79B5752ADCAD}.Release|Any CPU.ActiveCfg = Release|Any CPU
		{5CE1E128-A518-4FA5-8E2C-79B5752ADCAD}.Release|Any CPU.Build.0 = Release|Any CPU
	EndGlobalSection
	GlobalSection(SolutionProperties) = preSolution
		HideSolutionNode = FALSE
	EndGlobalSection
	GlobalSection(ExtensibilityGlobals) = postSolution
		SolutionGuid = {430339D0-D0BA-4308-B018-F71C71E4EEA0}
	EndGlobalSection
EndGlobal
